
Microsoft Visual Studio Solution File, Format Version 12.00
# Visual Studio Version 17
VisualStudioVersion = 17.5.002.0
MinimumVisualStudioVersion = 10.0.40219.1
Project("{9A19103F-16F7-4668-BE54-9A1E7A4F7556}") = "RazorPagesPizza", "RazorPagesPizza.csproj", "{FE31DE22-DF25-4432-9F14-845852A440CD}"
EndProject
Global
	GlobalSection(SolutionConfigurationPlatforms) = preSolution
		Debug|Any CPU = Debug|Any CPU
		Release|Any CPU = Release|Any CPU
	EndGlobalSection
	GlobalSection(ProjectConfigurationPlatforms) = postSolution
		{FE31DE22-DF25-4432-9F14-845852A440CD}.Debug|Any CPU.ActiveCfg = Debug|Any CPU
		{FE31DE22-DF25-4432-9F14-845852A440CD}.Debug|Any CPU.Build.0 = Debug|Any CPU
		{FE31DE22-DF25-4432-9F14-845852A440CD}.Release|Any CPU.ActiveCfg = Release|Any CPU
		{FE31DE22-DF25-4432-9F14-845852A440CD}.Release|Any CPU.Build.0 = Release|Any CPU
	EndGlobalSection
	GlobalSection(SolutionProperties) = preSolution
		HideSolutionNode = FALSE
	EndGlobalSection
	GlobalSection(ExtensibilityGlobals) = postSolution
		SolutionGuid = {5C5A1721-9514-42BA-8250-0A14FB513E21}
	EndGlobalSection
EndGlobal
